
Microsoft Visual Studio Solution File, Format Version 12.00
# Visual Studio Version 17
VisualStudioVersion = 17.2.32616.157
MinimumVisualStudioVersion = 10.0.40219.1
Project("{9A19103F-16F7-4668-BE54-9A1E7A4F7556}") = "TicketSystemWeb", "TicketSystemWeb\TicketSystemWeb.csproj", "{33F808FA-2B42-4E18-B950-782B98241D5A}"
EndProject
Project("{FAE04EC0-301F-11D3-BF4B-00C04F79EFBC}") = "TicketSystem.DataAccess", "TicketSystem.DataAccess\TicketSystem.DataAccess.csproj", "{3030F663-221B-4249-B05F-CA1643FCAFB0}"
EndProject
Project("{FAE04EC0-301F-11D3-BF4B-00C04F79EFBC}") = "TicketSystem.Models", "TicketSystem.Models\TicketSystem.Models.csproj", "{2A662AE1-2946-42FE-917C-B880E36FFDC1}"
EndProject
Global
	GlobalSection(SolutionConfigurationPlatforms) = preSolution
		Debug|Any CPU = Debug|Any CPU
		Release|Any CPU = Release|Any CPU
	EndGlobalSection
	GlobalSection(ProjectConfigurationPlatforms) = postSolution
		{33F808FA-2B42-4E18-B950-782B98241D5A}.Debug|Any CPU.ActiveCfg = Debug|Any CPU
		{33F808FA-2B42-4E18-B950-782B98241D5A}.Debug|Any CPU.Build.0 = Debug|Any CPU
		{33F808FA-2B42-4E18-B950-782B98241D5A}.Release|Any CPU.ActiveCfg = Release|Any CPU
		{33F808FA-2B42-4E18-B950-782B98241D5A}.Release|Any CPU.Build.0 = Release|Any CPU
		{3030F663-221B-4249-B05F-CA1643FCAFB0}.Debug|Any CPU.ActiveCfg = Debug|Any CPU
		{3030F663-221B-4249-B05F-CA1643FCAFB0}.Debug|Any CPU.Build.0 = Debug|Any CPU
		{3030F663-221B-4249-B05F-CA1643FCAFB0}.Release|Any CPU.ActiveCfg = Release|Any CPU
		{3030F663-221B-4249-B05F-CA1643FCAFB0}.Release|Any CPU.Build.0 = Release|Any CPU
		{2A662AE1-2946-42FE-917C-B880E36FFDC1}.Debug|Any CPU.ActiveCfg = Debug|Any CPU
		{2A662AE1-2946-42FE-917C-B880E36FFDC1}.Debug|Any CPU.Build.0 = Debug|Any CPU
		{2A662AE1-2946-42FE-917C-B880E36FFDC1}.Release|Any CPU.ActiveCfg = Release|Any CPU
		{2A662AE1-2946-42FE-917C-B880E36FFDC1}.Release|Any CPU.Build.0 = Release|Any CPU
	EndGlobalSection
	GlobalSection(SolutionProperties) = preSolution
		HideSolutionNode = FALSE
	EndGlobalSection
	GlobalSection(ExtensibilityGlobals) = postSolution
		SolutionGuid = {EEF50720-F28C-4AA2-9874-2409831E5713}
	EndGlobalSection
EndGlobal
